// !$*UTF8*$!
{
	archiveVersion = 1;
	classes = {
	};
	objectVersion = 55;
	objects = {

/* Begin PBXBuildFile section */
		5D34793D27E1E3000043FE78 /* HttpRequestHelper.swift in Sources */ = {isa = PBXBuildFile; fileRef = 5D34793C27E1E3000043FE78 /* HttpRequestHelper.swift */; };
		5D34793F27E1E33F0043FE78 /* EmployeesService.swift in Sources */ = {isa = PBXBuildFile; fileRef = 5D34793E27E1E33F0043FE78 /* EmployeesService.swift */; };
		5D34794127E1E3940043FE78 /* EmployeeCellViewModel.swift in Sources */ = {isa = PBXBuildFile; fileRef = 5D34794027E1E3940043FE78 /* EmployeeCellViewModel.swift */; };
		5D34794327E1E3A60043FE78 /* EmployeesViewModel.swift in Sources */ = {isa = PBXBuildFile; fileRef = 5D34794227E1E3A60043FE78 /* EmployeesViewModel.swift */; };
		5DAF70DB27DB5A6E0035BF93 /* AppDelegate.swift in Sources */ = {isa = PBXBuildFile; fileRef = 5DAF70DA27DB5A6E0035BF93 /* AppDelegate.swift */; };
		5DAF70DD27DB5A6E0035BF93 /* SceneDelegate.swift in Sources */ = {isa = PBXBuildFile; fileRef = 5DAF70DC27DB5A6E0035BF93 /* SceneDelegate.swift */; };
		5DAF70DF27DB5A6E0035BF93 /* EmployessViewController.swift in Sources */ = {isa = PBXBuildFile; fileRef = 5DAF70DE27DB5A6E0035BF93 /* EmployessViewController.swift */; };
		5DAF70E227DB5A6E0035BF93 /* Main.storyboard in Resources */ = {isa = PBXBuildFile; fileRef = 5DAF70E027DB5A6E0035BF93 /* Main.storyboard */; };
		5DAF70E427DB5A710035BF93 /* Assets.xcassets in Resources */ = {isa = PBXBuildFile; fileRef = 5DAF70E327DB5A710035BF93 /* Assets.xcassets */; };
		5DAF70E727DB5A710035BF93 /* LaunchScreen.storyboard in Resources */ = {isa = PBXBuildFile; fileRef = 5DAF70E527DB5A710035BF93 /* LaunchScreen.storyboard */; };
		5DAF70F827DB5CF40035BF93 /* EmployeeCell.swift in Sources */ = {isa = PBXBuildFile; fileRef = 5DAF70F627DB5CF40035BF93 /* EmployeeCell.swift */; };
		5DAF70F927DB5CF40035BF93 /* EmployeeCell.xib in Resources */ = {isa = PBXBuildFile; fileRef = 5DAF70F727DB5CF40035BF93 /* EmployeeCell.xib */; };
		5DAF70FB27DB7DFB0035BF93 /* Employee.swift in Sources */ = {isa = PBXBuildFile; fileRef = 5DAF70FA27DB7DFB0035BF93 /* Employee.swift */; };
/* End PBXBuildFile section */

/* Begin PBXFileReference section */
		5D34793C27E1E3000043FE78 /* HttpRequestHelper.swift */ = {isa = PBXFileReference; lastKnownFileType = sourcecode.swift; path = HttpRequestHelper.swift; sourceTree = "<group>"; };
		5D34793E27E1E33F0043FE78 /* EmployeesService.swift */ = {isa = PBXFileReference; lastKnownFileType = sourcecode.swift; path = EmployeesService.swift; sourceTree = "<group>"; };
		5D34794027E1E3940043FE78 /* EmployeeCellViewModel.swift */ = {isa = PBXFileReference; lastKnownFileType = sourcecode.swift; path = EmployeeCellViewModel.swift; sourceTree = "<group>"; };
		5D34794227E1E3A60043FE78 /* EmployeesViewModel.swift */ = {isa = PBXFileReference; lastKnownFileType = sourcecode.swift; path = EmployeesViewModel.swift; sourceTree = "<group>"; };
		5DAF70D727DB5A6E0035BF93 /* MVVMExample.app */ = {isa = PBXFileReference; explicitFileType = wrapper.application; includeInIndex = 0; path = MVVMExample.app; sourceTree = BUILT_PRODUCTS_DIR; };
		5DAF70DA27DB5A6E0035BF93 /* AppDelegate.swift */ = {isa = PBXFileReference; lastKnownFileType = sourcecode.swift; path = AppDelegate.swift; sourceTree = "<group>"; };
		5DAF70DC27DB5A6E0035BF93 /* SceneDelegate.swift */ = {isa = PBXFileReference; lastKnownFileType = sourcecode.swift; path = SceneDelegate.swift; sourceTree = "<group>"; };
		5DAF70DE27DB5A6E0035BF93 /* EmployessViewController.swift */ = {isa = PBXFileReference; lastKnownFileType = sourcecode.swift; path = EmployessViewController.swift; sourceTree = "<group>"; };
		5DAF70E127DB5A6E0035BF93 /* Base */ = {isa = PBXFileReference; lastKnownFileType = file.storyboard; name = Base; path = Base.lproj/Main.storyboard; sourceTree = "<group>"; };
		5DAF70E327DB5A710035BF93 /* Assets.xcassets */ = {isa = PBXFileReference; lastKnownFileType = folder.assetcatalog; path = Assets.xcassets; sourceTree = "<group>"; };
		5DAF70E627DB5A710035BF93 /* Base */ = {isa = PBXFileReference; lastKnownFileType = file.storyboard; name = Base; path = Base.lproj/LaunchScreen.storyboard; sourceTree = "<group>"; };
		5DAF70E827DB5A710035BF93 /* Info.plist */ = {isa = PBXFileReference; lastKnownFileType = text.plist.xml; path = Info.plist; sourceTree = "<group>"; };
		5DAF70F627DB5CF40035BF93 /* EmployeeCell.swift */ = {isa = PBXFileReference; lastKnownFileType = sourcecode.swift; path = EmployeeCell.swift; sourceTree = "<group>"; };
		5DAF70F727DB5CF40035BF93 /* EmployeeCell.xib */ = {isa = PBXFileReference; lastKnownFileType = file.xib; path = EmployeeCell.xib; sourceTree = "<group>"; };
		5DAF70FA27DB7DFB0035BF93 /* Employee.swift */ = {isa = PBXFileReference; lastKnownFileType = sourcecode.swift; path = Employee.swift; sourceTree = "<group>"; };
/* End PBXFileReference section */

/* Begin PBXFrameworksBuildPhase section */
		5DAF70D427DB5A6E0035BF93 /* Frameworks */ = {
			isa = PBXFrameworksBuildPhase;
			buildActionMask = 2147483647;
			files = (
			);
			runOnlyForDeploymentPostprocessing = 0;
		};
/* End PBXFrameworksBuildPhase section */

/* Begin PBXGroup section */
		5DAF70CE27DB5A6E0035BF93 = {
			isa = PBXGroup;
			children = (
				5DAF70D927DB5A6E0035BF93 /* MVVMExample */,
				5DAF70D827DB5A6E0035BF93 /* Products */,
			);
			sourceTree = "<group>";
		};
		5DAF70D827DB5A6E0035BF93 /* Products */ = {
			isa = PBXGroup;
			children = (
				5DAF70D727DB5A6E0035BF93 /* MVVMExample.app */,
			);
			name = Products;
			sourceTree = "<group>";
		};
		5DAF70D927DB5A6E0035BF93 /* MVVMExample */ = {
			isa = PBXGroup;
			children = (
				5DAF70EE27DB5AC00035BF93 /* Helpers */,
				5DAF70EF27DB5ACC0035BF93 /* Services */,
				5DAF70F027DB5AD60035BF93 /* Screens */,
				5DAF70DA27DB5A6E0035BF93 /* AppDelegate.swift */,
				5DAF70DC27DB5A6E0035BF93 /* SceneDelegate.swift */,
				5DAF70E027DB5A6E0035BF93 /* Main.storyboard */,
				5DAF70E327DB5A710035BF93 /* Assets.xcassets */,
				5DAF70E527DB5A710035BF93 /* LaunchScreen.storyboard */,
				5DAF70E827DB5A710035BF93 /* Info.plist */,
			);
			path = MVVMExample;
			sourceTree = "<group>";
		};
		5DAF70EE27DB5AC00035BF93 /* Helpers */ = {
			isa = PBXGroup;
			children = (
				5D34793C27E1E3000043FE78 /* HttpRequestHelper.swift */,
			);
			path = Helpers;
			sourceTree = "<group>";
		};
		5DAF70EF27DB5ACC0035BF93 /* Services */ = {
			isa = PBXGroup;
			children = (
				5D34793E27E1E33F0043FE78 /* EmployeesService.swift */,
			);
			path = Services;
			sourceTree = "<group>";
		};
		5DAF70F027DB5AD60035BF93 /* Screens */ = {
			isa = PBXGroup;
			children = (
				5DAF70F127DB5AFF0035BF93 /* Employees */,
			);
			path = Screens;
			sourceTree = "<group>";
		};
		5DAF70F127DB5AFF0035BF93 /* Employees */ = {
			isa = PBXGroup;
			children = (
				5DAF70F227DB5B1A0035BF93 /* Model */,
				5DAF70F327DB5B280035BF93 /* View */,
				5DAF70F427DB5B440035BF93 /* ViewModel */,
			);
			path = Employees;
			sourceTree = "<group>";
		};
		5DAF70F227DB5B1A0035BF93 /* Model */ = {
			isa = PBXGroup;
			children = (
				5DAF70FA27DB7DFB0035BF93 /* Employee.swift */,
			);
			path = Model;
			sourceTree = "<group>";
		};
		5DAF70F327DB5B280035BF93 /* View */ = {
			isa = PBXGroup;
			children = (
				5DAF70F527DB5CC90035BF93 /* cell */,
				5DAF70DE27DB5A6E0035BF93 /* EmployessViewController.swift */,
			);
			path = View;
			sourceTree = "<group>";
		};
		5DAF70F427DB5B440035BF93 /* ViewModel */ = {
			isa = PBXGroup;
			children = (
				5D34794027E1E3940043FE78 /* EmployeeCellViewModel.swift */,
				5D34794227E1E3A60043FE78 /* EmployeesViewModel.swift */,
			);
			path = ViewModel;
			sourceTree = "<group>";
		};
		5DAF70F527DB5CC90035BF93 /* cell */ = {
			isa = PBXGroup;
			children = (
				5DAF70F627DB5CF40035BF93 /* EmployeeCell.swift */,
				5DAF70F727DB5CF40035BF93 /* EmployeeCell.xib */,
			);
			path = cell;
			sourceTree = "<group>";
		};
/* End PBXGroup section */

/* Begin PBXNativeTarget section */
		5DAF70D627DB5A6E0035BF93 /* MVVMExample */ = {
			isa = PBXNativeTarget;
			buildConfigurationList = 5DAF70EB27DB5A710035BF93 /* Build configuration list for PBXNativeTarget "MVVMExample" */;
			buildPhases = (
				5DAF70D327DB5A6E0035BF93 /* Sources */,
				5DAF70D427DB5A6E0035BF93 /* Frameworks */,
				5DAF70D527DB5A6E0035BF93 /* Resources */,
			);
			buildRules = (
			);
			dependencies = (
			);
			name = MVVMExample;
			productName = MVVMExample;
			productReference = 5DAF70D727DB5A6E0035BF93 /* MVVMExample.app */;
			productType = "com.apple.product-type.application";
		};
/* End PBXNativeTarget section */

/* Begin PBXProject section */
		5DAF70CF27DB5A6E0035BF93 /* Project object */ = {
			isa = PBXProject;
			attributes = {
				BuildIndependentTargetsInParallel = 1;
				LastSwiftUpdateCheck = 1320;
				LastUpgradeCheck = 1320;
				TargetAttributes = {
					5DAF70D627DB5A6E0035BF93 = {
						CreatedOnToolsVersion = 13.2.1;
					};
				};
			};
			buildConfigurationList = 5DAF70D227DB5A6E0035BF93 /* Build configuration list for PBXProject "MVVMExample" */;
			compatibilityVersion = "Xcode 13.0";
			developmentRegion = en;
			hasScannedForEncodings = 0;
			knownRegions = (
				en,
				Base,
			);
			mainGroup = 5DAF70CE27DB5A6E0035BF93;
			productRefGroup = 5DAF70D827DB5A6E0035BF93 /* Products */;
			projectDirPath = "";
			projectRoot = "";
			targets = (
				5DAF70D627DB5A6E0035BF93 /* MVVMExample */,
			);
		};
/* End PBXProject section */

/* Begin PBXResourcesBuildPhase section */
		5DAF70D527DB5A6E0035BF93 /* Resources */ = {
			isa = PBXResourcesBuildPhase;
			buildActionMask = 2147483647;
			files = (
				5DAF70E727DB5A710035BF93 /* LaunchScreen.storyboard in Resources */,
				5DAF70F927DB5CF40035BF93 /* EmployeeCell.xib in Resources */,
				5DAF70E427DB5A710035BF93 /* Assets.xcassets in Resources */,
				5DAF70E227DB5A6E0035BF93 /* Main.storyboard in Resources */,
			);
			runOnlyForDeploymentPostprocessing = 0;
		};
/* End PBXResourcesBuildPhase section */

/* Begin PBXSourcesBuildPhase section */
		5DAF70D327DB5A6E0035BF93 /* Sources */ = {
			isa = PBXSourcesBuildPhase;
			buildActionMask = 2147483647;
			files = (
				5DAF70DF27DB5A6E0035BF93 /* EmployessViewController.swift in Sources */,
				5D34793D27E1E3000043FE78 /* HttpRequestHelper.swift in Sources */,
				5D34794127E1E3940043FE78 /* EmployeeCellViewModel.swift in Sources */,
				5DAF70F827DB5CF40035BF93 /* EmployeeCell.swift in Sources */,
				5DAF70DB27DB5A6E0035BF93 /* AppDelegate.swift in Sources */,
				5D34794327E1E3A60043FE78 /* EmployeesViewModel.swift in Sources */,
				5DAF70FB27DB7DFB0035BF93 /* Employee.swift in Sources */,
				5D34793F27E1E33F0043FE78 /* EmployeesService.swift in Sources */,
				5DAF70DD27DB5A6E0035BF93 /* SceneDelegate.swift in Sources */,
			);
			runOnlyForDeploymentPostprocessing = 0;
		};
/* End PBXSourcesBuildPhase section */

/* Begin PBXVariantGroup section */
		5DAF70E027DB5A6E0035BF93 /* Main.storyboard */ = {
			isa = PBXVariantGroup;
			children = (
				5DAF70E127DB5A6E0035BF93 /* Base */,
			);
			name = Main.storyboard;
			sourceTree = "<group>";
		};
		5DAF70E527DB5A710035BF93 /* LaunchScreen.storyboard */ = {
			isa = PBXVariantGroup;
			children = (
				5DAF70E627DB5A710035BF93 /* Base */,
			);
			name = LaunchScreen.storyboard;
			sourceTree = "<group>";
		};
/* End PBXVariantGroup section */

/* Begin XCBuildConfiguration section */
		5DAF70E927DB5A710035BF93 /* Debug */ = {
			isa = XCBuildConfiguration;
			buildSettings = {
				ALWAYS_SEARCH_USER_PATHS = NO;
				CLANG_ANALYZER_NONNULL = YES;
				CLANG_ANALYZER_NUMBER_OBJECT_CONVERSION = YES_AGGRESSIVE;
				CLANG_CXX_LANGUAGE_STANDARD = "gnu++17";
				CLANG_CXX_LIBRARY = "libc++";
				CLANG_ENABLE_MODULES = YES;
				CLANG_ENABLE_OBJC_ARC = YES;
				CLANG_ENABLE_OBJC_WEAK = YES;
				CLANG_WARN_BLOCK_CAPTURE_AUTORELEASING = YES;
				CLANG_WARN_BOOL_CONVERSION = YES;
				CLANG_WARN_COMMA = YES;
				CLANG_WARN_CONSTANT_CONVERSION = YES;
				CLANG_WARN_DEPRECATED_OBJC_IMPLEMENTATIONS = YES;
				CLANG_WARN_DIRECT_OBJC_ISA_USAGE = YES_ERROR;
				CLANG_WARN_DOCUMENTATION_COMMENTS = YES;
				CLANG_WARN_EMPTY_BODY = YES;
				CLANG_WARN_ENUM_CONVERSION = YES;
				CLANG_WARN_INFINITE_RECURSION = YES;
				CLANG_WARN_INT_CONVERSION = YES;
				CLANG_WARN_NON_LITERAL_NULL_CONVERSION = YES;
				CLANG_WARN_OBJC_IMPLICIT_RETAIN_SELF = YES;
				CLANG_WARN_OBJC_LITERAL_CONVERSION = YES;
				CLANG_WARN_OBJC_ROOT_CLASS = YES_ERROR;
				CLANG_WARN_QUOTED_INCLUDE_IN_FRAMEWORK_HEADER = YES;
				CLANG_WARN_RANGE_LOOP_ANALYSIS = YES;
				CLANG_WARN_STRICT_PROTOTYPES = YES;
				CLANG_WARN_SUSPICIOUS_MOVE = YES;
				CLANG_WARN_UNGUARDED_AVAILABILITY = YES_AGGRESSIVE;
				CLANG_WARN_UNREACHABLE_CODE = YES;
				CLANG_WARN__DUPLICATE_METHOD_MATCH = YES;
				COPY_PHASE_STRIP = NO;
				DEBUG_INFORMATION_FORMAT = dwarf;
				ENABLE_STRICT_OBJC_MSGSEND = YES;
				ENABLE_TESTABILITY = YES;
				GCC_C_LANGUAGE_STANDARD = gnu11;
				GCC_DYNAMIC_NO_PIC = NO;
				GCC_NO_COMMON_BLOCKS = YES;
				GCC_OPTIMIZATION_LEVEL = 0;
				GCC_PREPROCESSOR_DEFINITIONS = (
					"DEBUG=1",
					"$(inherited)",
				);
				GCC_WARN_64_TO_32_BIT_CONVERSION = YES;
				GCC_WARN_ABOUT_RETURN_TYPE = YES_ERROR;
				GCC_WARN_UNDECLARED_SELECTOR = YES;
				GCC_WARN_UNINITIALIZED_AUTOS = YES_AGGRESSIVE;
				GCC_WARN_UNUSED_FUNCTION = YES;
				GCC_WARN_UNUSED_VARIABLE = YES;
				IPHONEOS_DEPLOYMENT_TARGET = 15.2;
				MTL_ENABLE_DEBUG_INFO = INCLUDE_SOURCE;
				MTL_FAST_MATH = YES;
				ONLY_ACTIVE_ARCH = YES;
				SDKROOT = iphoneos;
				SWIFT_ACTIVE_COMPILATION_CONDITIONS = DEBUG;
				SWIFT_OPTIMIZATION_LEVEL = "-Onone";
			};
			name = Debug;
		};
		5DAF70EA27DB5A710035BF93 /* Release */ = {
			isa = XCBuildConfiguration;
			buildSettings = {
				ALWAYS_SEARCH_USER_PATHS = NO;
				CLANG_ANALYZER_NONNULL = YES;
				CLANG_ANALYZER_NUMBER_OBJECT_CONVERSION = YES_AGGRESSIVE;
				CLANG_CXX_LANGUAGE_STANDARD = "gnu++17";
				CLANG_CXX_LIBRARY = "libc++";
				CLANG_ENABLE_MODULES = YES;
				CLANG_ENABLE_OBJC_ARC = YES;
				CLANG_ENABLE_OBJC_WEAK = YES;
				CLANG_WARN_BLOCK_CAPTURE_AUTORELEASING = YES;
				CLANG_WARN_BOOL_CONVERSION = YES;
				CLANG_WARN_COMMA = YES;
				CLANG_WARN_CONSTANT_CONVERSION = YES;
				CLANG_WARN_DEPRECATED_OBJC_IMPLEMENTATIONS = YES;
				CLANG_WARN_DIRECT_OBJC_ISA_USAGE = YES_ERROR;
				CLANG_WARN_DOCUMENTATION_COMMENTS = YES;
				CLANG_WARN_EMPTY_BODY = YES;
				CLANG_WARN_ENUM_CONVERSION = YES;
				CLANG_WARN_INFINITE_RECURSION = YES;
				CLANG_WARN_INT_CONVERSION = YES;
				CLANG_WARN_NON_LITERAL_NULL_CONVERSION = YES;
				CLANG_WARN_OBJC_IMPLICIT_RETAIN_SELF = YES;
				CLANG_WARN_OBJC_LITERAL_CONVERSION = YES;
				CLANG_WARN_OBJC_ROOT_CLASS = YES_ERROR;
				CLANG_WARN_QUOTED_INCLUDE_IN_FRAMEWORK_HEADER = YES;
				CLANG_WARN_RANGE_LOOP_ANALYSIS = YES;
				CLANG_WARN_STRICT_PROTOTYPES = YES;
				CLANG_WARN_SUSPICIOUS_MOVE = YES;
				CLANG_WARN_UNGUARDED_AVAILABILITY = YES_AGGRESSIVE;
				CLANG_WARN_UNREACHABLE_CODE = YES;
				CLANG_WARN__DUPLICATE_METHOD_MATCH = YES;
				COPY_PHASE_STRIP = NO;
				DEBUG_INFORMATION_FORMAT = "dwarf-with-dsym";
				ENABLE_NS_ASSERTIONS = NO;
				ENABLE_STRICT_OBJC_MSGSEND = YES;
				GCC_C_LANGUAGE_STANDARD = gnu11;
				GCC_NO_COMMON_BLOCKS = YES;
				GCC_WARN_64_TO_32_BIT_CONVERSION = YES;
				GCC_WARN_ABOUT_RETURN_TYPE = YES_ERROR;
				GCC_WARN_UNDECLARED_SELECTOR = YES;
				GCC_WARN_UNINITIALIZED_AUTOS = YES_AGGRESSIVE;
				GCC_WARN_UNUSED_FUNCTION = YES;
				GCC_WARN_UNUSED_VARIABLE = YES;
				IPHONEOS_DEPLOYMENT_TARGET = 15.2;
				MTL_ENABLE_DEBUG_INFO = NO;
				MTL_FAST_MATH = YES;
				SDKROOT = iphoneos;
				SWIFT_COMPILATION_MODE = wholemodule;
				SWIFT_OPTIMIZATION_LEVEL = "-O";
				VALIDATE_PRODUCT = YES;
			};
			name = Release;
		};
		5DAF70EC27DB5A710035BF93 /* Debug */ = {
			isa = XCBuildConfiguration;
			buildSettings = {
				ASSETCATALOG_COMPILER_APPICON_NAME = AppIcon;
				ASSETCATALOG_COMPILER_GLOBAL_ACCENT_COLOR_NAME = AccentColor;
				CODE_SIGN_STYLE = Automatic;
				CURRENT_PROJECT_VERSION = 1;
				DEVELOPMENT_TEAM = K55SJ9L3KP;
				GENERATE_INFOPLIST_FILE = YES;
				INFOPLIST_FILE = MVVMExample/Info.plist;
				INFOPLIST_KEY_UIApplicationSupportsIndirectInputEvents = YES;
				INFOPLIST_KEY_UILaunchStoryboardName = LaunchScreen;
				INFOPLIST_KEY_UIMainStoryboardFile = Main;
				INFOPLIST_KEY_UISupportedInterfaceOrientations_iPad = "UIInterfaceOrientationPortrait UIInterfaceOrientationPortraitUpsideDown UIInterfaceOrientationLandscapeLeft UIInterfaceOrientationLandscapeRight";
				INFOPLIST_KEY_UISupportedInterfaceOrientations_iPhone = "UIInterfaceOrientationPortrait UIInterfaceOrientationLandscapeLeft UIInterfaceOrientationLandscapeRight";
				LD_RUNPATH_SEARCH_PATHS = (
					"$(inherited)",
					"@executable_path/Frameworks",
				);
				MARKETING_VERSION = 1.0;
				PRODUCT_BUNDLE_IDENTIFIER = com.bilalahmad.webViewApp.MVVMExample;
				PRODUCT_NAME = "$(TARGET_NAME)";
				SWIFT_EMIT_LOC_STRINGS = YES;
				SWIFT_VERSION = 5.0;
				TARGETED_DEVICE_FAMILY = "1,2";
			};
			name = Debug;
		};
		5DAF70ED27DB5A710035BF93 /* Release */ = {
			isa = XCBuildConfiguration;
			buildSettings = {
				ASSETCATALOG_COMPILER_APPICON_NAME = AppIcon;
				ASSETCATALOG_COMPILER_GLOBAL_ACCENT_COLOR_NAME = AccentColor;
				CODE_SIGN_STYLE = Automatic;
				CURRENT_PROJECT_VERSION = 1;
				DEVELOPMENT_TEAM = K55SJ9L3KP;
				GENERATE_INFOPLIST_FILE = YES;
				INFOPLIST_FILE = MVVMExample/Info.plist;
				INFOPLIST_KEY_UIApplicationSupportsIndirectInputEvents = YES;
				INFOPLIST_KEY_UILaunchStoryboardName = LaunchScreen;
				INFOPLIST_KEY_UIMainStoryboardFile = Main;
				INFOPLIST_KEY_UISupportedInterfaceOrientations_iPad = "UIInterfaceOrientationPortrait UIInterfaceOrientationPortraitUpsideDown UIInterfaceOrientationLandscapeLeft UIInterfaceOrientationLandscapeRight";
				INFOPLIST_KEY_UISupportedInterfaceOrientations_iPhone = "UIInterfaceOrientationPortrait UIInterfaceOrientationLandscapeLeft UIInterfaceOrientationLandscapeRight";
				LD_RUNPATH_SEARCH_PATHS = (
					"$(inherited)",
					"@executable_path/Frameworks",
				);
				MARKETING_VERSION = 1.0;
				PRODUCT_BUNDLE_IDENTIFIER = com.bilalahmad.webViewApp.MVVMExample;
				PRODUCT_NAME = "$(TARGET_NAME)";
				SWIFT_EMIT_LOC_STRINGS = YES;
				SWIFT_VERSION = 5.0;
				TARGETED_DEVICE_FAMILY = "1,2";
			};
			name = Release;
		};
/* End XCBuildConfiguration section */

/* Begin XCConfigurationList section */
		5DAF70D227DB5A6E0035BF93 /* Build configuration list for PBXProject "MVVMExample" */ = {
			isa = XCConfigurationList;
			buildConfigurations = (
				5DAF70E927DB5A710035BF93 /* Debug */,
				5DAF70EA27DB5A710035BF93 /* Release */,
			);
			defaultConfigurationIsVisible = 0;
			defaultConfigurationName = Release;
		};
		5DAF70EB27DB5A710035BF93 /* Build configuration list for PBXNativeTarget "MVVMExample" */ = {
			isa = XCConfigurationList;
			buildConfigurations = (
				5DAF70EC27DB5A710035BF93 /* Debug */,
				5DAF70ED27DB5A710035BF93 /* Release */,
			);
			defaultConfigurationIsVisible = 0;
			defaultConfigurationName = Release;
		};
/* End XCConfigurationList section */
	};
	rootObject = 5DAF70CF27DB5A6E0035BF93 /* Project object */;
}
